
Microsoft Visual Studio Solution File, Format Version 12.00
# Visual Studio Version 17
VisualStudioVersion = 17.4.33110.190
MinimumVisualStudioVersion = 10.0.40219.1
Project("{8BC9CEB8-8B4A-11D0-8D11-00A0C91BC942}") = "OculusToSteamVRClient", "OculusToSteamVRClient.vcxproj", "{A3142386-356C-4EE5-A4F8-78DC1BD2E099}"
EndProject
Project("{8BC9CEB8-8B4A-11D0-8D11-00A0C91BC942}") = "OculusToSteamVRShared", "..\OculusToSteamVRShared\OculusToSteamVRShared.vcxitems", "{A9E7B638-899F-4EEC-B882-07BE9B48A514}"
EndProject
Global
	GlobalSection(SolutionConfigurationPlatforms) = preSolution
		Debug|x64 = Debug|x64
		Debug|x86 = Debug|x86
		Release|x64 = Release|x64
		Release|x86 = Release|x86
	EndGlobalSection
	GlobalSection(ProjectConfigurationPlatforms) = postSolution
		{A3142386-356C-4EE5-A4F8-78DC1BD2E099}.Debug|x64.ActiveCfg = Debug|x64
		{A3142386-356C-4EE5-A4F8-78DC1BD2E099}.Debug|x64.Build.0 = Debug|x64
		{A3142386-356C-4EE5-A4F8-78DC1BD2E099}.Debug|x86.ActiveCfg = Debug|Win32
		{A3142386-356C-4EE5-A4F8-78DC1BD2E099}.Debug|x86.Build.0 = Debug|Win32
		{A3142386-356C-4EE5-A4F8-78DC1BD2E099}.Release|x64.ActiveCfg = Release|x64
		{A3142386-356C-4EE5-A4F8-78DC1BD2E099}.Release|x64.Build.0 = Release|x64
		{A3142386-356C-4EE5-A4F8-78DC1BD2E099}.Release|x86.ActiveCfg = Release|Win32
		{A3142386-356C-4EE5-A4F8-78DC1BD2E099}.Release|x86.Build.0 = Release|Win32
	EndGlobalSection
	GlobalSection(SolutionProperties) = preSolution
		HideSolutionNode = FALSE
	EndGlobalSection
	GlobalSection(ExtensibilityGlobals) = postSolution
		SolutionGuid = {22B773A4-0DBE-48AB-A66A-F1BD9F8D35B7}
	EndGlobalSection
	GlobalSection(SharedMSBuildProjectFiles) = preSolution
		..\OculusToSteamVRShared\OculusToSteamVRShared.vcxitems*{a3142386-356c-4ee5-a4f8-78dc1bd2e099}*SharedItemsImports = 4
		..\OculusToSteamVRShared\OculusToSteamVRShared.vcxitems*{a9e7b638-899f-4eec-b882-07be9b48a514}*SharedItemsImports = 9
	EndGlobalSection
EndGlobal
