<?xml version="1.0" encoding="utf-8"?>
<Project ToolsVersion="17.0" xmlns="http://schemas.microsoft.com/developer/msbuild/2003">
  <ItemGroup>
    <ClCompile Include="O:\GitHub\ReadieFur\OculusToSteamVR\src\OculusToSteamVRDriver\CMakeFiles\3.23.0-rc2\CompilerIdCXX\CMakeCXXCompilerId.cpp">
      <Filter>Source Files\CMakeFiles\3.23.0-rc2\CompilerIdCXX</Filter>
    </ClCompile>
    <ClCompile Include="O:\GitHub\ReadieFur\OculusToSteamVR\src\OculusToSteamVRDriver\ControllerDevice.cpp">
      <Filter>Source Files</Filter>
    </ClCompile>
    <ClCompile Include="O:\GitHub\ReadieFur\OculusToSteamVR\src\OculusToSteamVRDriver\DriverFactory.cpp">
      <Filter>Source Files</Filter>
    </ClCompile>
    <ClCompile Include="O:\GitHub\ReadieFur\OculusToSteamVR\src\OculusToSteamVRDriver\TrackerDevice.cpp">
      <Filter>Source Files</Filter>
    </ClCompile>
    <ClCompile Include="O:\GitHub\ReadieFur\OculusToSteamVR\src\OculusToSteamVRDriver\TrackingReferenceDevice.cpp">
      <Filter>Source Files</Filter>
    </ClCompile>
    <ClCompile Include="O:\GitHub\ReadieFur\OculusToSteamVR\src\OculusToSteamVRDriver\VRDriver.cpp">
      <Filter>Source Files</Filter>
    </ClCompile>
  </ItemGroup>
  <ItemGroup>
    <ClInclude Include="O:\GitHub\ReadieFur\OculusToSteamVR\src\OculusToSteamVRDriver\ControllerDevice.hpp">
      <Filter>Header Files</Filter>
    </ClInclude>
    <ClInclude Include="O:\GitHub\ReadieFur\OculusToSteamVR\src\OculusToSteamVRDriver\DeviceType.hpp">
      <Filter>Header Files</Filter>
    </ClInclude>
    <ClInclude Include="O:\GitHub\ReadieFur\OculusToSteamVR\src\OculusToSteamVRDriver\DriverFactory.hpp">
      <Filter>Header Files</Filter>
    </ClInclude>
    <ClInclude Include="O:\GitHub\ReadieFur\OculusToSteamVR\src\OculusToSteamVRDriver\IVRDevice.hpp">
      <Filter>Header Files</Filter>
    </ClInclude>
    <ClInclude Include="O:\GitHub\ReadieFur\OculusToSteamVR\src\OculusToSteamVRDriver\IVRDriver.hpp">
      <Filter>Header Files</Filter>
    </ClInclude>
    <ClInclude Include="O:\GitHub\ReadieFur\OculusToSteamVR\src\OculusToSteamVRDriver\TrackerDevice.hpp">
      <Filter>Header Files</Filter>
    </ClInclude>
    <ClInclude Include="O:\GitHub\ReadieFur\OculusToSteamVR\src\OculusToSteamVRDriver\TrackingReferenceDevice.hpp">
      <Filter>Header Files</Filter>
    </ClInclude>
    <ClInclude Include="O:\GitHub\ReadieFur\OculusToSteamVR\src\OculusToSteamVRDriver\VRDriver.hpp">
      <Filter>Header Files</Filter>
    </ClInclude>
    <ClInclude Include="SharedData.hpp">
      <Filter>Header Files</Filter>
    </ClInclude>
    <ClInclude Include="OculusDeviceType.hpp">
      <Filter>Header Files</Filter>
    </ClInclude>
  </ItemGroup>
  <ItemGroup>
    <CustomBuild Include="O:\GitHub\ReadieFur\OculusToSteamVR\src\OculusToSteamVRDriver\CMakeLists.txt" />
  </ItemGroup>
  <ItemGroup>
    <Filter Include="Header Files">
      <UniqueIdentifier>{7B6C8E2E-B544-3FD3-8839-5B6321891D86}</UniqueIdentifier>
    </Filter>
    <Filter Include="Source Files">
      <UniqueIdentifier>{11228548-25B5-3336-B07E-090542EFE70D}</UniqueIdentifier>
    </Filter>
    <Filter Include="Source Files\CMakeFiles">
      <UniqueIdentifier>{53D306E3-10FB-3F8B-BE32-E838400E0AB7}</UniqueIdentifier>
    </Filter>
    <Filter Include="Source Files\CMakeFiles\3.23.0-rc2">
      <UniqueIdentifier>{D4C6BA64-F911-3035-A504-F279C0B6BE76}</UniqueIdentifier>
    </Filter>
    <Filter Include="Source Files\CMakeFiles\3.23.0-rc2\CompilerIdCXX">
      <UniqueIdentifier>{D5D76235-5B3A-36DF-B01C-5CEA0D0E814B}</UniqueIdentifier>
    </Filter>
  </ItemGroup>
</Project>