<?xml version="1.0" encoding="utf-8"?>
<Project ToolsVersion="17.0" xmlns="http://schemas.microsoft.com/developer/msbuild/2003">
  <ItemGroup>
    <CustomBuild Include="O:\GitHub\ReadieFur\OculusToSteamVR\src\OculusToSteamVRDriver\CMakeFiles\87d48e71120a5f9f67e6873fbf5a3c43\generate.stamp.rule">
      <Filter>CMake Rules</Filter>
    </CustomBuild>
  </ItemGroup>
  <ItemGroup>
    <Filter Include="CMake Rules">
      <UniqueIdentifier>{62AB3095-50B2-377A-9E01-1F8A5ED9CBF6}</UniqueIdentifier>
    </Filter>
  </ItemGroup>
</Project>
